
Microsoft Visual Studio Solution File, Format Version 12.00
# Visual Studio Version 17
Project("{8BC9CEB8-8B4A-11D0-8D11-00A0C91BC942}") = "ALL_BUILD", "ALL_BUILD.vcxproj", "{F9073C44-19CC-3D55-B194-820BB713BA69}"
	ProjectSection(ProjectDependencies) = postProject
		{D14523C3-98BB-3417-BF37-1DD6087929FC} = {D14523C3-98BB-3417-BF37-1DD6087929FC}
		{4851192D-97E3-3922-A7E6-4CB713F8186E} = {4851192D-97E3-3922-A7E6-4CB713F8186E}
		{B758C959-40A8-32F1-84BF-7D53CEB19EC3} = {B758C959-40A8-32F1-84BF-7D53CEB19EC3}
		{5FB56B9A-8B69-31CD-8FC0-F96936A6771A} = {5FB56B9A-8B69-31CD-8FC0-F96936A6771A}
		{9D169965-797A-327C-8E81-86A47667A4C6} = {9D169965-797A-327C-8E81-86A47667A4C6}
		{CA54F2E8-336B-3A8B-B0AF-DD6E65D64219} = {CA54F2E8-336B-3A8B-B0AF-DD6E65D64219}
		{394E2F61-10D2-3834-8BC3-4B8EEEA0C03C} = {394E2F61-10D2-3834-8BC3-4B8EEEA0C03C}
		{C22C7C67-560E-3807-B378-0DD6A12286DB} = {C22C7C67-560E-3807-B378-0DD6A12286DB}
		{D97C5BA9-907C-37A2-A8A9-686F7062CECE} = {D97C5BA9-907C-37A2-A8A9-686F7062CECE}
		{DB5480BF-43C8-3E95-B1A4-EB42CB30A125} = {DB5480BF-43C8-3E95-B1A4-EB42CB30A125}
		{567A00A5-B0F1-3D48-A437-C8FB3F354AE0} = {567A00A5-B0F1-3D48-A437-C8FB3F354AE0}
		{614D2B99-4194-3954-9C68-5AA634D9696A} = {614D2B99-4194-3954-9C68-5AA634D9696A}
		{B10E0FCE-F0DD-3644-BA2F-D211F5DF84A5} = {B10E0FCE-F0DD-3644-BA2F-D211F5DF84A5}
		{3AA0D297-8BDD-3CA3-8B4B-0D8C5C68F44A} = {3AA0D297-8BDD-3CA3-8B4B-0D8C5C68F44A}
		{15ABAB95-E802-3170-AD36-B073B7591EE0} = {15ABAB95-E802-3170-AD36-B073B7591EE0}
		{CA254A1B-CEE0-3F61-BD02-9FE27495D297} = {CA254A1B-CEE0-3F61-BD02-9FE27495D297}
		{4BD764D9-99F6-3A31-9E3F-D6AA7FDAFCB8} = {4BD764D9-99F6-3A31-9E3F-D6AA7FDAFCB8}
		{60D5BC65-D05A-3BEE-BA2E-4031ADA27FFB} = {60D5BC65-D05A-3BEE-BA2E-4031ADA27FFB}
		{F3178A92-25DD-3A3C-BC9D-2A68DB3191AD} = {F3178A92-25DD-3A3C-BC9D-2A68DB3191AD}
		{AE83FA99-D0AE-3E95-9482-CEF20F3C15B3} = {AE83FA99-D0AE-3E95-9482-CEF20F3C15B3}
		{384B83FF-E387-369C-8584-786E56BCFE68} = {384B83FF-E387-369C-8584-786E56BCFE68}
	EndProjectSection
EndProject
Project("{8BC9CEB8-8B4A-11D0-8D11-00A0C91BC942}") = "ActiveRecord", "ActiveRecord\ActiveRecord.vcxproj", "{D14523C3-98BB-3417-BF37-1DD6087929FC}"
	ProjectSection(ProjectDependencies) = postProject
		{5FB56B9A-8B69-31CD-8FC0-F96936A6771A} = {5FB56B9A-8B69-31CD-8FC0-F96936A6771A}
		{D97C5BA9-907C-37A2-A8A9-686F7062CECE} = {D97C5BA9-907C-37A2-A8A9-686F7062CECE}
		{AE83FA99-D0AE-3E95-9482-CEF20F3C15B3} = {AE83FA99-D0AE-3E95-9482-CEF20F3C15B3}
	EndProjectSection
EndProject
Project("{8BC9CEB8-8B4A-11D0-8D11-00A0C91BC942}") = "ActiveRecordCompiler", "ActiveRecord\Compiler\ActiveRecordCompiler.vcxproj", "{4851192D-97E3-3922-A7E6-4CB713F8186E}"
	ProjectSection(ProjectDependencies) = postProject
		{D97C5BA9-907C-37A2-A8A9-686F7062CECE} = {D97C5BA9-907C-37A2-A8A9-686F7062CECE}
		{DB5480BF-43C8-3E95-B1A4-EB42CB30A125} = {DB5480BF-43C8-3E95-B1A4-EB42CB30A125}
		{60D5BC65-D05A-3BEE-BA2E-4031ADA27FFB} = {60D5BC65-D05A-3BEE-BA2E-4031ADA27FFB}
		{F3178A92-25DD-3A3C-BC9D-2A68DB3191AD} = {F3178A92-25DD-3A3C-BC9D-2A68DB3191AD}
		{AE83FA99-D0AE-3E95-9482-CEF20F3C15B3} = {AE83FA99-D0AE-3E95-9482-CEF20F3C15B3}
	EndProjectSection
EndProject
Project("{8BC9CEB8-8B4A-11D0-8D11-00A0C91BC942}") = "Crypto", "Crypto\Crypto.vcxproj", "{B758C959-40A8-32F1-84BF-7D53CEB19EC3}"
	ProjectSection(ProjectDependencies) = postProject
		{D97C5BA9-907C-37A2-A8A9-686F7062CECE} = {D97C5BA9-907C-37A2-A8A9-686F7062CECE}
		{AE83FA99-D0AE-3E95-9482-CEF20F3C15B3} = {AE83FA99-D0AE-3E95-9482-CEF20F3C15B3}
	EndProjectSection
EndProject
Project("{8BC9CEB8-8B4A-11D0-8D11-00A0C91BC942}") = "Data", "Data\Data.vcxproj", "{5FB56B9A-8B69-31CD-8FC0-F96936A6771A}"
	ProjectSection(ProjectDependencies) = postProject
		{D97C5BA9-907C-37A2-A8A9-686F7062CECE} = {D97C5BA9-907C-37A2-A8A9-686F7062CECE}
		{AE83FA99-D0AE-3E95-9482-CEF20F3C15B3} = {AE83FA99-D0AE-3E95-9482-CEF20F3C15B3}
	EndProjectSection
EndProject
Project("{8BC9CEB8-8B4A-11D0-8D11-00A0C91BC942}") = "DataODBC", "Data\ODBC\DataODBC.vcxproj", "{9D169965-797A-327C-8E81-86A47667A4C6}"
	ProjectSection(ProjectDependencies) = postProject
		{5FB56B9A-8B69-31CD-8FC0-F96936A6771A} = {5FB56B9A-8B69-31CD-8FC0-F96936A6771A}
		{D97C5BA9-907C-37A2-A8A9-686F7062CECE} = {D97C5BA9-907C-37A2-A8A9-686F7062CECE}
		{AE83FA99-D0AE-3E95-9482-CEF20F3C15B3} = {AE83FA99-D0AE-3E95-9482-CEF20F3C15B3}
	EndProjectSection
EndProject
Project("{8BC9CEB8-8B4A-11D0-8D11-00A0C91BC942}") = "DataSQLite", "Data\SQLite\DataSQLite.vcxproj", "{CA54F2E8-336B-3A8B-B0AF-DD6E65D64219}"
	ProjectSection(ProjectDependencies) = postProject
		{5FB56B9A-8B69-31CD-8FC0-F96936A6771A} = {5FB56B9A-8B69-31CD-8FC0-F96936A6771A}
		{D97C5BA9-907C-37A2-A8A9-686F7062CECE} = {D97C5BA9-907C-37A2-A8A9-686F7062CECE}
		{AE83FA99-D0AE-3E95-9482-CEF20F3C15B3} = {AE83FA99-D0AE-3E95-9482-CEF20F3C15B3}
	EndProjectSection
EndProject
Project("{8BC9CEB8-8B4A-11D0-8D11-00A0C91BC942}") = "Encodings", "Encodings\Encodings.vcxproj", "{394E2F61-10D2-3834-8BC3-4B8EEEA0C03C}"
	ProjectSection(ProjectDependencies) = postProject
		{D97C5BA9-907C-37A2-A8A9-686F7062CECE} = {D97C5BA9-907C-37A2-A8A9-686F7062CECE}
		{AE83FA99-D0AE-3E95-9482-CEF20F3C15B3} = {AE83FA99-D0AE-3E95-9482-CEF20F3C15B3}
	EndProjectSection
EndProject
Project("{8BC9CEB8-8B4A-11D0-8D11-00A0C91BC942}") = "File2Page", "PageCompiler\File2Page\File2Page.vcxproj", "{C22C7C67-560E-3807-B378-0DD6A12286DB}"
	ProjectSection(ProjectDependencies) = postProject
		{D97C5BA9-907C-37A2-A8A9-686F7062CECE} = {D97C5BA9-907C-37A2-A8A9-686F7062CECE}
		{DB5480BF-43C8-3E95-B1A4-EB42CB30A125} = {DB5480BF-43C8-3E95-B1A4-EB42CB30A125}
		{60D5BC65-D05A-3BEE-BA2E-4031ADA27FFB} = {60D5BC65-D05A-3BEE-BA2E-4031ADA27FFB}
		{F3178A92-25DD-3A3C-BC9D-2A68DB3191AD} = {F3178A92-25DD-3A3C-BC9D-2A68DB3191AD}
		{AE83FA99-D0AE-3E95-9482-CEF20F3C15B3} = {AE83FA99-D0AE-3E95-9482-CEF20F3C15B3}
	EndProjectSection
EndProject
Project("{8BC9CEB8-8B4A-11D0-8D11-00A0C91BC942}") = "Foundation", "Foundation\Foundation.vcxproj", "{D97C5BA9-907C-37A2-A8A9-686F7062CECE}"
	ProjectSection(ProjectDependencies) = postProject
		{AE83FA99-D0AE-3E95-9482-CEF20F3C15B3} = {AE83FA99-D0AE-3E95-9482-CEF20F3C15B3}
	EndProjectSection
EndProject
Project("{8BC9CEB8-8B4A-11D0-8D11-00A0C91BC942}") = "INSTALL", "INSTALL.vcxproj", "{F5B3D940-EBA8-35EF-B75C-522C0E114985}"
	ProjectSection(ProjectDependencies) = postProject
		{F9073C44-19CC-3D55-B194-820BB713BA69} = {F9073C44-19CC-3D55-B194-820BB713BA69}
		{AE83FA99-D0AE-3E95-9482-CEF20F3C15B3} = {AE83FA99-D0AE-3E95-9482-CEF20F3C15B3}
	EndProjectSection
EndProject
Project("{8BC9CEB8-8B4A-11D0-8D11-00A0C91BC942}") = "JSON", "JSON\JSON.vcxproj", "{DB5480BF-43C8-3E95-B1A4-EB42CB30A125}"
	ProjectSection(ProjectDependencies) = postProject
		{D97C5BA9-907C-37A2-A8A9-686F7062CECE} = {D97C5BA9-907C-37A2-A8A9-686F7062CECE}
		{AE83FA99-D0AE-3E95-9482-CEF20F3C15B3} = {AE83FA99-D0AE-3E95-9482-CEF20F3C15B3}
	EndProjectSection
EndProject
Project("{8BC9CEB8-8B4A-11D0-8D11-00A0C91BC942}") = "JWT", "JWT\JWT.vcxproj", "{567A00A5-B0F1-3D48-A437-C8FB3F354AE0}"
	ProjectSection(ProjectDependencies) = postProject
		{B758C959-40A8-32F1-84BF-7D53CEB19EC3} = {B758C959-40A8-32F1-84BF-7D53CEB19EC3}
		{D97C5BA9-907C-37A2-A8A9-686F7062CECE} = {D97C5BA9-907C-37A2-A8A9-686F7062CECE}
		{DB5480BF-43C8-3E95-B1A4-EB42CB30A125} = {DB5480BF-43C8-3E95-B1A4-EB42CB30A125}
		{AE83FA99-D0AE-3E95-9482-CEF20F3C15B3} = {AE83FA99-D0AE-3E95-9482-CEF20F3C15B3}
	EndProjectSection
EndProject
Project("{8BC9CEB8-8B4A-11D0-8D11-00A0C91BC942}") = "MongoDB", "MongoDB\MongoDB.vcxproj", "{614D2B99-4194-3954-9C68-5AA634D9696A}"
	ProjectSection(ProjectDependencies) = postProject
		{D97C5BA9-907C-37A2-A8A9-686F7062CECE} = {D97C5BA9-907C-37A2-A8A9-686F7062CECE}
		{B10E0FCE-F0DD-3644-BA2F-D211F5DF84A5} = {B10E0FCE-F0DD-3644-BA2F-D211F5DF84A5}
		{AE83FA99-D0AE-3E95-9482-CEF20F3C15B3} = {AE83FA99-D0AE-3E95-9482-CEF20F3C15B3}
	EndProjectSection
EndProject
Project("{8BC9CEB8-8B4A-11D0-8D11-00A0C91BC942}") = "Net", "Net\Net.vcxproj", "{B10E0FCE-F0DD-3644-BA2F-D211F5DF84A5}"
	ProjectSection(ProjectDependencies) = postProject
		{D97C5BA9-907C-37A2-A8A9-686F7062CECE} = {D97C5BA9-907C-37A2-A8A9-686F7062CECE}
		{AE83FA99-D0AE-3E95-9482-CEF20F3C15B3} = {AE83FA99-D0AE-3E95-9482-CEF20F3C15B3}
	EndProjectSection
EndProject
Project("{8BC9CEB8-8B4A-11D0-8D11-00A0C91BC942}") = "NetSSL", "NetSSL_OpenSSL\NetSSL.vcxproj", "{3AA0D297-8BDD-3CA3-8B4B-0D8C5C68F44A}"
	ProjectSection(ProjectDependencies) = postProject
		{B758C959-40A8-32F1-84BF-7D53CEB19EC3} = {B758C959-40A8-32F1-84BF-7D53CEB19EC3}
		{D97C5BA9-907C-37A2-A8A9-686F7062CECE} = {D97C5BA9-907C-37A2-A8A9-686F7062CECE}
		{DB5480BF-43C8-3E95-B1A4-EB42CB30A125} = {DB5480BF-43C8-3E95-B1A4-EB42CB30A125}
		{B10E0FCE-F0DD-3644-BA2F-D211F5DF84A5} = {B10E0FCE-F0DD-3644-BA2F-D211F5DF84A5}
		{60D5BC65-D05A-3BEE-BA2E-4031ADA27FFB} = {60D5BC65-D05A-3BEE-BA2E-4031ADA27FFB}
		{F3178A92-25DD-3A3C-BC9D-2A68DB3191AD} = {F3178A92-25DD-3A3C-BC9D-2A68DB3191AD}
		{AE83FA99-D0AE-3E95-9482-CEF20F3C15B3} = {AE83FA99-D0AE-3E95-9482-CEF20F3C15B3}
	EndProjectSection
EndProject
Project("{8BC9CEB8-8B4A-11D0-8D11-00A0C91BC942}") = "PACKAGE", "PACKAGE.vcxproj", "{8FABFD62-21DF-312F-AFBF-DDE710D5BB23}"
	ProjectSection(ProjectDependencies) = postProject
		{F9073C44-19CC-3D55-B194-820BB713BA69} = {F9073C44-19CC-3D55-B194-820BB713BA69}
		{AE83FA99-D0AE-3E95-9482-CEF20F3C15B3} = {AE83FA99-D0AE-3E95-9482-CEF20F3C15B3}
	EndProjectSection
EndProject
Project("{8BC9CEB8-8B4A-11D0-8D11-00A0C91BC942}") = "PageCompiler", "PageCompiler\PageCompiler.vcxproj", "{15ABAB95-E802-3170-AD36-B073B7591EE0}"
	ProjectSection(ProjectDependencies) = postProject
		{D97C5BA9-907C-37A2-A8A9-686F7062CECE} = {D97C5BA9-907C-37A2-A8A9-686F7062CECE}
		{DB5480BF-43C8-3E95-B1A4-EB42CB30A125} = {DB5480BF-43C8-3E95-B1A4-EB42CB30A125}
		{B10E0FCE-F0DD-3644-BA2F-D211F5DF84A5} = {B10E0FCE-F0DD-3644-BA2F-D211F5DF84A5}
		{60D5BC65-D05A-3BEE-BA2E-4031ADA27FFB} = {60D5BC65-D05A-3BEE-BA2E-4031ADA27FFB}
		{F3178A92-25DD-3A3C-BC9D-2A68DB3191AD} = {F3178A92-25DD-3A3C-BC9D-2A68DB3191AD}
		{AE83FA99-D0AE-3E95-9482-CEF20F3C15B3} = {AE83FA99-D0AE-3E95-9482-CEF20F3C15B3}
	EndProjectSection
EndProject
Project("{8BC9CEB8-8B4A-11D0-8D11-00A0C91BC942}") = "Prometheus", "Prometheus\Prometheus.vcxproj", "{CA254A1B-CEE0-3F61-BD02-9FE27495D297}"
	ProjectSection(ProjectDependencies) = postProject
		{D97C5BA9-907C-37A2-A8A9-686F7062CECE} = {D97C5BA9-907C-37A2-A8A9-686F7062CECE}
		{B10E0FCE-F0DD-3644-BA2F-D211F5DF84A5} = {B10E0FCE-F0DD-3644-BA2F-D211F5DF84A5}
		{AE83FA99-D0AE-3E95-9482-CEF20F3C15B3} = {AE83FA99-D0AE-3E95-9482-CEF20F3C15B3}
	EndProjectSection
EndProject
Project("{8BC9CEB8-8B4A-11D0-8D11-00A0C91BC942}") = "Redis", "Redis\Redis.vcxproj", "{4BD764D9-99F6-3A31-9E3F-D6AA7FDAFCB8}"
	ProjectSection(ProjectDependencies) = postProject
		{D97C5BA9-907C-37A2-A8A9-686F7062CECE} = {D97C5BA9-907C-37A2-A8A9-686F7062CECE}
		{B10E0FCE-F0DD-3644-BA2F-D211F5DF84A5} = {B10E0FCE-F0DD-3644-BA2F-D211F5DF84A5}
		{AE83FA99-D0AE-3E95-9482-CEF20F3C15B3} = {AE83FA99-D0AE-3E95-9482-CEF20F3C15B3}
	EndProjectSection
EndProject
Project("{8BC9CEB8-8B4A-11D0-8D11-00A0C91BC942}") = "Util", "Util\Util.vcxproj", "{60D5BC65-D05A-3BEE-BA2E-4031ADA27FFB}"
	ProjectSection(ProjectDependencies) = postProject
		{D97C5BA9-907C-37A2-A8A9-686F7062CECE} = {D97C5BA9-907C-37A2-A8A9-686F7062CECE}
		{DB5480BF-43C8-3E95-B1A4-EB42CB30A125} = {DB5480BF-43C8-3E95-B1A4-EB42CB30A125}
		{F3178A92-25DD-3A3C-BC9D-2A68DB3191AD} = {F3178A92-25DD-3A3C-BC9D-2A68DB3191AD}
		{AE83FA99-D0AE-3E95-9482-CEF20F3C15B3} = {AE83FA99-D0AE-3E95-9482-CEF20F3C15B3}
	EndProjectSection
EndProject
Project("{8BC9CEB8-8B4A-11D0-8D11-00A0C91BC942}") = "XML", "XML\XML.vcxproj", "{F3178A92-25DD-3A3C-BC9D-2A68DB3191AD}"
	ProjectSection(ProjectDependencies) = postProject
		{D97C5BA9-907C-37A2-A8A9-686F7062CECE} = {D97C5BA9-907C-37A2-A8A9-686F7062CECE}
		{AE83FA99-D0AE-3E95-9482-CEF20F3C15B3} = {AE83FA99-D0AE-3E95-9482-CEF20F3C15B3}
	EndProjectSection
EndProject
Project("{8BC9CEB8-8B4A-11D0-8D11-00A0C91BC942}") = "ZERO_CHECK", "ZERO_CHECK.vcxproj", "{AE83FA99-D0AE-3E95-9482-CEF20F3C15B3}"
	ProjectSection(ProjectDependencies) = postProject
	EndProjectSection
EndProject
Project("{8BC9CEB8-8B4A-11D0-8D11-00A0C91BC942}") = "Zip", "Zip\Zip.vcxproj", "{384B83FF-E387-369C-8584-786E56BCFE68}"
	ProjectSection(ProjectDependencies) = postProject
		{D97C5BA9-907C-37A2-A8A9-686F7062CECE} = {D97C5BA9-907C-37A2-A8A9-686F7062CECE}
		{AE83FA99-D0AE-3E95-9482-CEF20F3C15B3} = {AE83FA99-D0AE-3E95-9482-CEF20F3C15B3}
	EndProjectSection
EndProject
Project("{8BC9CEB8-8B4A-11D0-8D11-00A0C91BC942}") = "uninstall-poco", "uninstall-poco.vcxproj", "{69F6DE34-0CB2-3ECC-81EE-EAAB934B3774}"
	ProjectSection(ProjectDependencies) = postProject
		{AE83FA99-D0AE-3E95-9482-CEF20F3C15B3} = {AE83FA99-D0AE-3E95-9482-CEF20F3C15B3}
	EndProjectSection
EndProject
Global
	GlobalSection(SolutionConfigurationPlatforms) = preSolution
		Debug|x64 = Debug|x64
		Release|x64 = Release|x64
		MinSizeRel|x64 = MinSizeRel|x64
		RelWithDebInfo|x64 = RelWithDebInfo|x64
	EndGlobalSection
	GlobalSection(ProjectConfigurationPlatforms) = postSolution
		{F9073C44-19CC-3D55-B194-820BB713BA69}.Debug|x64.ActiveCfg = Debug|x64
		{F9073C44-19CC-3D55-B194-820BB713BA69}.Debug|x64.Build.0 = Debug|x64
		{F9073C44-19CC-3D55-B194-820BB713BA69}.Release|x64.ActiveCfg = Release|x64
		{F9073C44-19CC-3D55-B194-820BB713BA69}.Release|x64.Build.0 = Release|x64
		{F9073C44-19CC-3D55-B194-820BB713BA69}.MinSizeRel|x64.ActiveCfg = MinSizeRel|x64
		{F9073C44-19CC-3D55-B194-820BB713BA69}.MinSizeRel|x64.Build.0 = MinSizeRel|x64
		{F9073C44-19CC-3D55-B194-820BB713BA69}.RelWithDebInfo|x64.ActiveCfg = RelWithDebInfo|x64
		{F9073C44-19CC-3D55-B194-820BB713BA69}.RelWithDebInfo|x64.Build.0 = RelWithDebInfo|x64
		{D14523C3-98BB-3417-BF37-1DD6087929FC}.Debug|x64.ActiveCfg = Debug|x64
		{D14523C3-98BB-3417-BF37-1DD6087929FC}.Debug|x64.Build.0 = Debug|x64
		{D14523C3-98BB-3417-BF37-1DD6087929FC}.Release|x64.ActiveCfg = Release|x64
		{D14523C3-98BB-3417-BF37-1DD6087929FC}.Release|x64.Build.0 = Release|x64
		{D14523C3-98BB-3417-BF37-1DD6087929FC}.MinSizeRel|x64.ActiveCfg = MinSizeRel|x64
		{D14523C3-98BB-3417-BF37-1DD6087929FC}.MinSizeRel|x64.Build.0 = MinSizeRel|x64
		{D14523C3-98BB-3417-BF37-1DD6087929FC}.RelWithDebInfo|x64.ActiveCfg = RelWithDebInfo|x64
		{D14523C3-98BB-3417-BF37-1DD6087929FC}.RelWithDebInfo|x64.Build.0 = RelWithDebInfo|x64
		{4851192D-97E3-3922-A7E6-4CB713F8186E}.Debug|x64.ActiveCfg = Debug|x64
		{4851192D-97E3-3922-A7E6-4CB713F8186E}.Debug|x64.Build.0 = Debug|x64
		{4851192D-97E3-3922-A7E6-4CB713F8186E}.Release|x64.ActiveCfg = Release|x64
		{4851192D-97E3-3922-A7E6-4CB713F8186E}.Release|x64.Build.0 = Release|x64
		{4851192D-97E3-3922-A7E6-4CB713F8186E}.MinSizeRel|x64.ActiveCfg = MinSizeRel|x64
		{4851192D-97E3-3922-A7E6-4CB713F8186E}.MinSizeRel|x64.Build.0 = MinSizeRel|x64
		{4851192D-97E3-3922-A7E6-4CB713F8186E}.RelWithDebInfo|x64.ActiveCfg = RelWithDebInfo|x64
		{4851192D-97E3-3922-A7E6-4CB713F8186E}.RelWithDebInfo|x64.Build.0 = RelWithDebInfo|x64
		{B758C959-40A8-32F1-84BF-7D53CEB19EC3}.Debug|x64.ActiveCfg = Debug|x64
		{B758C959-40A8-32F1-84BF-7D53CEB19EC3}.Debug|x64.Build.0 = Debug|x64
		{B758C959-40A8-32F1-84BF-7D53CEB19EC3}.Release|x64.ActiveCfg = Release|x64
		{B758C959-40A8-32F1-84BF-7D53CEB19EC3}.Release|x64.Build.0 = Release|x64
		{B758C959-40A8-32F1-84BF-7D53CEB19EC3}.MinSizeRel|x64.ActiveCfg = MinSizeRel|x64
		{B758C959-40A8-32F1-84BF-7D53CEB19EC3}.MinSizeRel|x64.Build.0 = MinSizeRel|x64
		{B758C959-40A8-32F1-84BF-7D53CEB19EC3}.RelWithDebInfo|x64.ActiveCfg = RelWithDebInfo|x64
		{B758C959-40A8-32F1-84BF-7D53CEB19EC3}.RelWithDebInfo|x64.Build.0 = RelWithDebInfo|x64
		{5FB56B9A-8B69-31CD-8FC0-F96936A6771A}.Debug|x64.ActiveCfg = Debug|x64
		{5FB56B9A-8B69-31CD-8FC0-F96936A6771A}.Debug|x64.Build.0 = Debug|x64
		{5FB56B9A-8B69-31CD-8FC0-F96936A6771A}.Release|x64.ActiveCfg = Release|x64
		{5FB56B9A-8B69-31CD-8FC0-F96936A6771A}.Release|x64.Build.0 = Release|x64
		{5FB56B9A-8B69-31CD-8FC0-F96936A6771A}.MinSizeRel|x64.ActiveCfg = MinSizeRel|x64
		{5FB56B9A-8B69-31CD-8FC0-F96936A6771A}.MinSizeRel|x64.Build.0 = MinSizeRel|x64
		{5FB56B9A-8B69-31CD-8FC0-F96936A6771A}.RelWithDebInfo|x64.ActiveCfg = RelWithDebInfo|x64
		{5FB56B9A-8B69-31CD-8FC0-F96936A6771A}.RelWithDebInfo|x64.Build.0 = RelWithDebInfo|x64
		{9D169965-797A-327C-8E81-86A47667A4C6}.Debug|x64.ActiveCfg = Debug|x64
		{9D169965-797A-327C-8E81-86A47667A4C6}.Debug|x64.Build.0 = Debug|x64
		{9D169965-797A-327C-8E81-86A47667A4C6}.Release|x64.ActiveCfg = Release|x64
		{9D169965-797A-327C-8E81-86A47667A4C6}.Release|x64.Build.0 = Release|x64
		{9D169965-797A-327C-8E81-86A47667A4C6}.MinSizeRel|x64.ActiveCfg = MinSizeRel|x64
		{9D169965-797A-327C-8E81-86A47667A4C6}.MinSizeRel|x64.Build.0 = MinSizeRel|x64
		{9D169965-797A-327C-8E81-86A47667A4C6}.RelWithDebInfo|x64.ActiveCfg = RelWithDebInfo|x64
		{9D169965-797A-327C-8E81-86A47667A4C6}.RelWithDebInfo|x64.Build.0 = RelWithDebInfo|x64
		{CA54F2E8-336B-3A8B-B0AF-DD6E65D64219}.Debug|x64.ActiveCfg = Debug|x64
		{CA54F2E8-336B-3A8B-B0AF-DD6E65D64219}.Debug|x64.Build.0 = Debug|x64
		{CA54F2E8-336B-3A8B-B0AF-DD6E65D64219}.Release|x64.ActiveCfg = Release|x64
		{CA54F2E8-336B-3A8B-B0AF-DD6E65D64219}.Release|x64.Build.0 = Release|x64
		{CA54F2E8-336B-3A8B-B0AF-DD6E65D64219}.MinSizeRel|x64.ActiveCfg = MinSizeRel|x64
		{CA54F2E8-336B-3A8B-B0AF-DD6E65D64219}.MinSizeRel|x64.Build.0 = MinSizeRel|x64
		{CA54F2E8-336B-3A8B-B0AF-DD6E65D64219}.RelWithDebInfo|x64.ActiveCfg = RelWithDebInfo|x64
		{CA54F2E8-336B-3A8B-B0AF-DD6E65D64219}.RelWithDebInfo|x64.Build.0 = RelWithDebInfo|x64
		{394E2F61-10D2-3834-8BC3-4B8EEEA0C03C}.Debug|x64.ActiveCfg = Debug|x64
		{394E2F61-10D2-3834-8BC3-4B8EEEA0C03C}.Debug|x64.Build.0 = Debug|x64
		{394E2F61-10D2-3834-8BC3-4B8EEEA0C03C}.Release|x64.ActiveCfg = Release|x64
		{394E2F61-10D2-3834-8BC3-4B8EEEA0C03C}.Release|x64.Build.0 = Release|x64
		{394E2F61-10D2-3834-8BC3-4B8EEEA0C03C}.MinSizeRel|x64.ActiveCfg = MinSizeRel|x64
		{394E2F61-10D2-3834-8BC3-4B8EEEA0C03C}.MinSizeRel|x64.Build.0 = MinSizeRel|x64
		{394E2F61-10D2-3834-8BC3-4B8EEEA0C03C}.RelWithDebInfo|x64.ActiveCfg = RelWithDebInfo|x64
		{394E2F61-10D2-3834-8BC3-4B8EEEA0C03C}.RelWithDebInfo|x64.Build.0 = RelWithDebInfo|x64
		{C22C7C67-560E-3807-B378-0DD6A12286DB}.Debug|x64.ActiveCfg = Debug|x64
		{C22C7C67-560E-3807-B378-0DD6A12286DB}.Debug|x64.Build.0 = Debug|x64
		{C22C7C67-560E-3807-B378-0DD6A12286DB}.Release|x64.ActiveCfg = Release|x64
		{C22C7C67-560E-3807-B378-0DD6A12286DB}.Release|x64.Build.0 = Release|x64
		{C22C7C67-560E-3807-B378-0DD6A12286DB}.MinSizeRel|x64.ActiveCfg = MinSizeRel|x64
		{C22C7C67-560E-3807-B378-0DD6A12286DB}.MinSizeRel|x64.Build.0 = MinSizeRel|x64
		{C22C7C67-560E-3807-B378-0DD6A12286DB}.RelWithDebInfo|x64.ActiveCfg = RelWithDebInfo|x64
		{C22C7C67-560E-3807-B378-0DD6A12286DB}.RelWithDebInfo|x64.Build.0 = RelWithDebInfo|x64
		{D97C5BA9-907C-37A2-A8A9-686F7062CECE}.Debug|x64.ActiveCfg = Debug|x64
		{D97C5BA9-907C-37A2-A8A9-686F7062CECE}.Debug|x64.Build.0 = Debug|x64
		{D97C5BA9-907C-37A2-A8A9-686F7062CECE}.Release|x64.ActiveCfg = Release|x64
		{D97C5BA9-907C-37A2-A8A9-686F7062CECE}.Release|x64.Build.0 = Release|x64
		{D97C5BA9-907C-37A2-A8A9-686F7062CECE}.MinSizeRel|x64.ActiveCfg = MinSizeRel|x64
		{D97C5BA9-907C-37A2-A8A9-686F7062CECE}.MinSizeRel|x64.Build.0 = MinSizeRel|x64
		{D97C5BA9-907C-37A2-A8A9-686F7062CECE}.RelWithDebInfo|x64.ActiveCfg = RelWithDebInfo|x64
		{D97C5BA9-907C-37A2-A8A9-686F7062CECE}.RelWithDebInfo|x64.Build.0 = RelWithDebInfo|x64
		{F5B3D940-EBA8-35EF-B75C-522C0E114985}.Debug|x64.ActiveCfg = Debug|x64
		{F5B3D940-EBA8-35EF-B75C-522C0E114985}.Release|x64.ActiveCfg = Release|x64
		{F5B3D940-EBA8-35EF-B75C-522C0E114985}.MinSizeRel|x64.ActiveCfg = MinSizeRel|x64
		{F5B3D940-EBA8-35EF-B75C-522C0E114985}.RelWithDebInfo|x64.ActiveCfg = RelWithDebInfo|x64
		{DB5480BF-43C8-3E95-B1A4-EB42CB30A125}.Debug|x64.ActiveCfg = Debug|x64
		{DB5480BF-43C8-3E95-B1A4-EB42CB30A125}.Debug|x64.Build.0 = Debug|x64
		{DB5480BF-43C8-3E95-B1A4-EB42CB30A125}.Release|x64.ActiveCfg = Release|x64
		{DB5480BF-43C8-3E95-B1A4-EB42CB30A125}.Release|x64.Build.0 = Release|x64
		{DB5480BF-43C8-3E95-B1A4-EB42CB30A125}.MinSizeRel|x64.ActiveCfg = MinSizeRel|x64
		{DB5480BF-43C8-3E95-B1A4-EB42CB30A125}.MinSizeRel|x64.Build.0 = MinSizeRel|x64
		{DB5480BF-43C8-3E95-B1A4-EB42CB30A125}.RelWithDebInfo|x64.ActiveCfg = RelWithDebInfo|x64
		{DB5480BF-43C8-3E95-B1A4-EB42CB30A125}.RelWithDebInfo|x64.Build.0 = RelWithDebInfo|x64
		{567A00A5-B0F1-3D48-A437-C8FB3F354AE0}.Debug|x64.ActiveCfg = Debug|x64
		{567A00A5-B0F1-3D48-A437-C8FB3F354AE0}.Debug|x64.Build.0 = Debug|x64
		{567A00A5-B0F1-3D48-A437-C8FB3F354AE0}.Release|x64.ActiveCfg = Release|x64
		{567A00A5-B0F1-3D48-A437-C8FB3F354AE0}.Release|x64.Build.0 = Release|x64
		{567A00A5-B0F1-3D48-A437-C8FB3F354AE0}.MinSizeRel|x64.ActiveCfg = MinSizeRel|x64
		{567A00A5-B0F1-3D48-A437-C8FB3F354AE0}.MinSizeRel|x64.Build.0 = MinSizeRel|x64
		{567A00A5-B0F1-3D48-A437-C8FB3F354AE0}.RelWithDebInfo|x64.ActiveCfg = RelWithDebInfo|x64
		{567A00A5-B0F1-3D48-A437-C8FB3F354AE0}.RelWithDebInfo|x64.Build.0 = RelWithDebInfo|x64
		{614D2B99-4194-3954-9C68-5AA634D9696A}.Debug|x64.ActiveCfg = Debug|x64
		{614D2B99-4194-3954-9C68-5AA634D9696A}.Debug|x64.Build.0 = Debug|x64
		{614D2B99-4194-3954-9C68-5AA634D9696A}.Release|x64.ActiveCfg = Release|x64
		{614D2B99-4194-3954-9C68-5AA634D9696A}.Release|x64.Build.0 = Release|x64
		{614D2B99-4194-3954-9C68-5AA634D9696A}.MinSizeRel|x64.ActiveCfg = MinSizeRel|x64
		{614D2B99-4194-3954-9C68-5AA634D9696A}.MinSizeRel|x64.Build.0 = MinSizeRel|x64
		{614D2B99-4194-3954-9C68-5AA634D9696A}.RelWithDebInfo|x64.ActiveCfg = RelWithDebInfo|x64
		{614D2B99-4194-3954-9C68-5AA634D9696A}.RelWithDebInfo|x64.Build.0 = RelWithDebInfo|x64
		{B10E0FCE-F0DD-3644-BA2F-D211F5DF84A5}.Debug|x64.ActiveCfg = Debug|x64
		{B10E0FCE-F0DD-3644-BA2F-D211F5DF84A5}.Debug|x64.Build.0 = Debug|x64
		{B10E0FCE-F0DD-3644-BA2F-D211F5DF84A5}.Release|x64.ActiveCfg = Release|x64
		{B10E0FCE-F0DD-3644-BA2F-D211F5DF84A5}.Release|x64.Build.0 = Release|x64
		{B10E0FCE-F0DD-3644-BA2F-D211F5DF84A5}.MinSizeRel|x64.ActiveCfg = MinSizeRel|x64
		{B10E0FCE-F0DD-3644-BA2F-D211F5DF84A5}.MinSizeRel|x64.Build.0 = MinSizeRel|x64
		{B10E0FCE-F0DD-3644-BA2F-D211F5DF84A5}.RelWithDebInfo|x64.ActiveCfg = RelWithDebInfo|x64
		{B10E0FCE-F0DD-3644-BA2F-D211F5DF84A5}.RelWithDebInfo|x64.Build.0 = RelWithDebInfo|x64
		{3AA0D297-8BDD-3CA3-8B4B-0D8C5C68F44A}.Debug|x64.ActiveCfg = Debug|x64
		{3AA0D297-8BDD-3CA3-8B4B-0D8C5C68F44A}.Debug|x64.Build.0 = Debug|x64
		{3AA0D297-8BDD-3CA3-8B4B-0D8C5C68F44A}.Release|x64.ActiveCfg = Release|x64
		{3AA0D297-8BDD-3CA3-8B4B-0D8C5C68F44A}.Release|x64.Build.0 = Release|x64
		{3AA0D297-8BDD-3CA3-8B4B-0D8C5C68F44A}.MinSizeRel|x64.ActiveCfg = MinSizeRel|x64
		{3AA0D297-8BDD-3CA3-8B4B-0D8C5C68F44A}.MinSizeRel|x64.Build.0 = MinSizeRel|x64
		{3AA0D297-8BDD-3CA3-8B4B-0D8C5C68F44A}.RelWithDebInfo|x64.ActiveCfg = RelWithDebInfo|x64
		{3AA0D297-8BDD-3CA3-8B4B-0D8C5C68F44A}.RelWithDebInfo|x64.Build.0 = RelWithDebInfo|x64
		{8FABFD62-21DF-312F-AFBF-DDE710D5BB23}.Debug|x64.ActiveCfg = Debug|x64
		{8FABFD62-21DF-312F-AFBF-DDE710D5BB23}.Release|x64.ActiveCfg = Release|x64
		{8FABFD62-21DF-312F-AFBF-DDE710D5BB23}.MinSizeRel|x64.ActiveCfg = MinSizeRel|x64
		{8FABFD62-21DF-312F-AFBF-DDE710D5BB23}.RelWithDebInfo|x64.ActiveCfg = RelWithDebInfo|x64
		{15ABAB95-E802-3170-AD36-B073B7591EE0}.Debug|x64.ActiveCfg = Debug|x64
		{15ABAB95-E802-3170-AD36-B073B7591EE0}.Debug|x64.Build.0 = Debug|x64
		{15ABAB95-E802-3170-AD36-B073B7591EE0}.Release|x64.ActiveCfg = Release|x64
		{15ABAB95-E802-3170-AD36-B073B7591EE0}.Release|x64.Build.0 = Release|x64
		{15ABAB95-E802-3170-AD36-B073B7591EE0}.MinSizeRel|x64.ActiveCfg = MinSizeRel|x64
		{15ABAB95-E802-3170-AD36-B073B7591EE0}.MinSizeRel|x64.Build.0 = MinSizeRel|x64
		{15ABAB95-E802-3170-AD36-B073B7591EE0}.RelWithDebInfo|x64.ActiveCfg = RelWithDebInfo|x64
		{15ABAB95-E802-3170-AD36-B073B7591EE0}.RelWithDebInfo|x64.Build.0 = RelWithDebInfo|x64
		{CA254A1B-CEE0-3F61-BD02-9FE27495D297}.Debug|x64.ActiveCfg = Debug|x64
		{CA254A1B-CEE0-3F61-BD02-9FE27495D297}.Debug|x64.Build.0 = Debug|x64
		{CA254A1B-CEE0-3F61-BD02-9FE27495D297}.Release|x64.ActiveCfg = Release|x64
		{CA254A1B-CEE0-3F61-BD02-9FE27495D297}.Release|x64.Build.0 = Release|x64
		{CA254A1B-CEE0-3F61-BD02-9FE27495D297}.MinSizeRel|x64.ActiveCfg = MinSizeRel|x64
		{CA254A1B-CEE0-3F61-BD02-9FE27495D297}.MinSizeRel|x64.Build.0 = MinSizeRel|x64
		{CA254A1B-CEE0-3F61-BD02-9FE27495D297}.RelWithDebInfo|x64.ActiveCfg = RelWithDebInfo|x64
		{CA254A1B-CEE0-3F61-BD02-9FE27495D297}.RelWithDebInfo|x64.Build.0 = RelWithDebInfo|x64
		{4BD764D9-99F6-3A31-9E3F-D6AA7FDAFCB8}.Debug|x64.ActiveCfg = Debug|x64
		{4BD764D9-99F6-3A31-9E3F-D6AA7FDAFCB8}.Debug|x64.Build.0 = Debug|x64
		{4BD764D9-99F6-3A31-9E3F-D6AA7FDAFCB8}.Release|x64.ActiveCfg = Release|x64
		{4BD764D9-99F6-3A31-9E3F-D6AA7FDAFCB8}.Release|x64.Build.0 = Release|x64
		{4BD764D9-99F6-3A31-9E3F-D6AA7FDAFCB8}.MinSizeRel|x64.ActiveCfg = MinSizeRel|x64
		{4BD764D9-99F6-3A31-9E3F-D6AA7FDAFCB8}.MinSizeRel|x64.Build.0 = MinSizeRel|x64
		{4BD764D9-99F6-3A31-9E3F-D6AA7FDAFCB8}.RelWithDebInfo|x64.ActiveCfg = RelWithDebInfo|x64
		{4BD764D9-99F6-3A31-9E3F-D6AA7FDAFCB8}.RelWithDebInfo|x64.Build.0 = RelWithDebInfo|x64
		{60D5BC65-D05A-3BEE-BA2E-4031ADA27FFB}.Debug|x64.ActiveCfg = Debug|x64
		{60D5BC65-D05A-3BEE-BA2E-4031ADA27FFB}.Debug|x64.Build.0 = Debug|x64
		{60D5BC65-D05A-3BEE-BA2E-4031ADA27FFB}.Release|x64.ActiveCfg = Release|x64
		{60D5BC65-D05A-3BEE-BA2E-4031ADA27FFB}.Release|x64.Build.0 = Release|x64
		{60D5BC65-D05A-3BEE-BA2E-4031ADA27FFB}.MinSizeRel|x64.ActiveCfg = MinSizeRel|x64
		{60D5BC65-D05A-3BEE-BA2E-4031ADA27FFB}.MinSizeRel|x64.Build.0 = MinSizeRel|x64
		{60D5BC65-D05A-3BEE-BA2E-4031ADA27FFB}.RelWithDebInfo|x64.ActiveCfg = RelWithDebInfo|x64
		{60D5BC65-D05A-3BEE-BA2E-4031ADA27FFB}.RelWithDebInfo|x64.Build.0 = RelWithDebInfo|x64
		{F3178A92-25DD-3A3C-BC9D-2A68DB3191AD}.Debug|x64.ActiveCfg = Debug|x64
		{F3178A92-25DD-3A3C-BC9D-2A68DB3191AD}.Debug|x64.Build.0 = Debug|x64
		{F3178A92-25DD-3A3C-BC9D-2A68DB3191AD}.Release|x64.ActiveCfg = Release|x64
		{F3178A92-25DD-3A3C-BC9D-2A68DB3191AD}.Release|x64.Build.0 = Release|x64
		{F3178A92-25DD-3A3C-BC9D-2A68DB3191AD}.MinSizeRel|x64.ActiveCfg = MinSizeRel|x64
		{F3178A92-25DD-3A3C-BC9D-2A68DB3191AD}.MinSizeRel|x64.Build.0 = MinSizeRel|x64
		{F3178A92-25DD-3A3C-BC9D-2A68DB3191AD}.RelWithDebInfo|x64.ActiveCfg = RelWithDebInfo|x64
		{F3178A92-25DD-3A3C-BC9D-2A68DB3191AD}.RelWithDebInfo|x64.Build.0 = RelWithDebInfo|x64
		{AE83FA99-D0AE-3E95-9482-CEF20F3C15B3}.Debug|x64.ActiveCfg = Debug|x64
		{AE83FA99-D0AE-3E95-9482-CEF20F3C15B3}.Debug|x64.Build.0 = Debug|x64
		{AE83FA99-D0AE-3E95-9482-CEF20F3C15B3}.Release|x64.ActiveCfg = Release|x64
		{AE83FA99-D0AE-3E95-9482-CEF20F3C15B3}.Release|x64.Build.0 = Release|x64
		{AE83FA99-D0AE-3E95-9482-CEF20F3C15B3}.MinSizeRel|x64.ActiveCfg = MinSizeRel|x64
		{AE83FA99-D0AE-3E95-9482-CEF20F3C15B3}.MinSizeRel|x64.Build.0 = MinSizeRel|x64
		{AE83FA99-D0AE-3E95-9482-CEF20F3C15B3}.RelWithDebInfo|x64.ActiveCfg = RelWithDebInfo|x64
		{AE83FA99-D0AE-3E95-9482-CEF20F3C15B3}.RelWithDebInfo|x64.Build.0 = RelWithDebInfo|x64
		{384B83FF-E387-369C-8584-786E56BCFE68}.Debug|x64.ActiveCfg = Debug|x64
		{384B83FF-E387-369C-8584-786E56BCFE68}.Debug|x64.Build.0 = Debug|x64
		{384B83FF-E387-369C-8584-786E56BCFE68}.Release|x64.ActiveCfg = Release|x64
		{384B83FF-E387-369C-8584-786E56BCFE68}.Release|x64.Build.0 = Release|x64
		{384B83FF-E387-369C-8584-786E56BCFE68}.MinSizeRel|x64.ActiveCfg = MinSizeRel|x64
		{384B83FF-E387-369C-8584-786E56BCFE68}.MinSizeRel|x64.Build.0 = MinSizeRel|x64
		{384B83FF-E387-369C-8584-786E56BCFE68}.RelWithDebInfo|x64.ActiveCfg = RelWithDebInfo|x64
		{384B83FF-E387-369C-8584-786E56BCFE68}.RelWithDebInfo|x64.Build.0 = RelWithDebInfo|x64
		{69F6DE34-0CB2-3ECC-81EE-EAAB934B3774}.Debug|x64.ActiveCfg = Debug|x64
		{69F6DE34-0CB2-3ECC-81EE-EAAB934B3774}.Release|x64.ActiveCfg = Release|x64
		{69F6DE34-0CB2-3ECC-81EE-EAAB934B3774}.MinSizeRel|x64.ActiveCfg = MinSizeRel|x64
		{69F6DE34-0CB2-3ECC-81EE-EAAB934B3774}.RelWithDebInfo|x64.ActiveCfg = RelWithDebInfo|x64
	EndGlobalSection
	GlobalSection(ExtensibilityGlobals) = postSolution
		SolutionGuid = {CF5820C8-45B0-3220-82C1-46F8199DF1FC}
	EndGlobalSection
	GlobalSection(ExtensibilityAddIns) = postSolution
	EndGlobalSection
EndGlobal
